
Microsoft Visual Studio Solution File, Format Version 12.00
# Visual Studio Version 16
VisualStudioVersion = 16.0.34301.259
MinimumVisualStudioVersion = 10.0.40219.1
Project("{FAE04EC0-301F-11D3-BF4B-00C04F79EFBC}") = "VeriTipleriTypesAndVeriables", "VeriTipleriTypesAndVeriables\VeriTipleriTypesAndVeriables.csproj", "{D49891D3-3050-415D-984C-DF157E28A167}"
EndProject
Project("{FAE04EC0-301F-11D3-BF4B-00C04F79EFBC}") = "Conditionals", "Conditionals\Conditionals.csproj", "{A2A71BE9-9B55-482D-B654-2E14C0137E84}"
EndProject
Global
	GlobalSection(SolutionConfigurationPlatforms) = preSolution
		Debug|Any CPU = Debug|Any CPU
		Release|Any CPU = Release|Any CPU
	EndGlobalSection
	GlobalSection(ProjectConfigurationPlatforms) = postSolution
		{D49891D3-3050-415D-984C-DF157E28A167}.Debug|Any CPU.ActiveCfg = Debug|Any CPU
		{D49891D3-3050-415D-984C-DF157E28A167}.Debug|Any CPU.Build.0 = Debug|Any CPU
		{D49891D3-3050-415D-984C-DF157E28A167}.Release|Any CPU.ActiveCfg = Release|Any CPU
		{D49891D3-3050-415D-984C-DF157E28A167}.Release|Any CPU.Build.0 = Release|Any CPU
		{A2A71BE9-9B55-482D-B654-2E14C0137E84}.Debug|Any CPU.ActiveCfg = Debug|Any CPU
		{A2A71BE9-9B55-482D-B654-2E14C0137E84}.Debug|Any CPU.Build.0 = Debug|Any CPU
		{A2A71BE9-9B55-482D-B654-2E14C0137E84}.Release|Any CPU.ActiveCfg = Release|Any CPU
		{A2A71BE9-9B55-482D-B654-2E14C0137E84}.Release|Any CPU.Build.0 = Release|Any CPU
	EndGlobalSection
	GlobalSection(SolutionProperties) = preSolution
		HideSolutionNode = FALSE
	EndGlobalSection
	GlobalSection(ExtensibilityGlobals) = postSolution
		SolutionGuid = {14987120-E85F-4ECA-967C-167EAEC10BA1}
	EndGlobalSection
EndGlobal
