
Microsoft Visual Studio Solution File, Format Version 12.00
# Visual Studio Version 16
VisualStudioVersion = 16.0.34301.259
MinimumVisualStudioVersion = 10.0.40219.1
Project("{FAE04EC0-301F-11D3-BF4B-00C04F79EFBC}") = "VeriTipleriTypesAndVeriables", "VeriTipleriTypesAndVeriables\VeriTipleriTypesAndVeriables.csproj", "{D49891D3-3050-415D-984C-DF157E28A167}"
EndProject
Project("{FAE04EC0-301F-11D3-BF4B-00C04F79EFBC}") = "Conditionals", "Conditionals\Conditionals.csproj", "{A2A71BE9-9B55-482D-B654-2E14C0137E84}"
EndProject
Project("{FAE04EC0-301F-11D3-BF4B-00C04F79EFBC}") = "Methods", "Methods\Methods.csproj", "{F03EDC50-97B6-4B43-B801-A4642398584A}"
EndProject
Project("{FAE04EC0-301F-11D3-BF4B-00C04F79EFBC}") = "Arrays", "Arrays\Arrays.csproj", "{7EE59046-EB92-48BD-9C25-DACA050F9E5A}"
EndProject
Project("{FAE04EC0-301F-11D3-BF4B-00C04F79EFBC}") = "Loops", "Loops\Loops.csproj", "{3B260EFB-F0D9-48AA-8774-D85961A02894}"
EndProject
Project("{FAE04EC0-301F-11D3-BF4B-00C04F79EFBC}") = "Strings", "Strings\Strings.csproj", "{AB1457E6-CD57-42F8-80F1-A7D7C59B336D}"
EndProject
Project("{FAE04EC0-301F-11D3-BF4B-00C04F79EFBC}") = "Classes", "Classes\Classes.csproj", "{869E6FBE-12AA-4215-BA28-4F97AAEF9252}"
EndProject
Project("{FAE04EC0-301F-11D3-BF4B-00C04F79EFBC}") = "RecapDemo1", "RecapDemo1\RecapDemo1.csproj", "{56A3478E-16EC-42A7-BF8A-397BA48B4D18}"
EndProject
Project("{FAE04EC0-301F-11D3-BF4B-00C04F79EFBC}") = "Interfaces", "Interfaces\Interfaces.csproj", "{D3E32FF8-5BD4-4CB6-9D08-4C79C544E9BC}"
EndProject
Project("{FAE04EC0-301F-11D3-BF4B-00C04F79EFBC}") = "InterfacesDemo", "InterfacesDemo\InterfacesDemo.csproj", "{B3E4169D-D872-40C2-907C-9F808BC2C69C}"
EndProject
Project("{FAE04EC0-301F-11D3-BF4B-00C04F79EFBC}") = "Inheritance", "Inheritance\Inheritance.csproj", "{90081149-9CAA-4A16-A590-CD1E51176C59}"
EndProject
Project("{FAE04EC0-301F-11D3-BF4B-00C04F79EFBC}") = "VirtualMethods", "VirtualMethods\VirtualMethods.csproj", "{7416DEF5-8B6D-4BFE-BBA7-6F82A39D4110}"
EndProject
Project("{FAE04EC0-301F-11D3-BF4B-00C04F79EFBC}") = "AbstractClasses", "AbstractClasses\AbstractClasses.csproj", "{DBE3C7AA-981E-459E-993B-F24FCFFB061B}"
EndProject
Project("{FAE04EC0-301F-11D3-BF4B-00C04F79EFBC}") = "RecapDemo2", "RecapDemo2\RecapDemo2.csproj", "{11879FD5-CD37-45F4-9881-7BFCB4D9F8E5}"
EndProject
Project("{FAE04EC0-301F-11D3-BF4B-00C04F79EFBC}") = "Constructors", "Constructors\Constructors.csproj", "{D959F605-64A6-4C0F-8267-76F14C6F4D64}"
EndProject
Project("{FAE04EC0-301F-11D3-BF4B-00C04F79EFBC}") = "ReferenceAndValueType", "ReferenceAndValueType\ReferenceAndValueType.csproj", "{2B41E846-5AB2-4EA1-8EDD-B7A7FB7668B2}"
EndProject
Project("{FAE04EC0-301F-11D3-BF4B-00C04F79EFBC}") = "Collections", "Collections\Collections.csproj", "{D4036EB0-54D9-4FA2-A4F9-9967D738A6C8}"
EndProject
Project("{FAE04EC0-301F-11D3-BF4B-00C04F79EFBC}") = "Exceptions", "Exceptions\Exceptions.csproj", "{D9797FC3-7B65-4629-9020-17434BBBBEBE}"
EndProject
Project("{FAE04EC0-301F-11D3-BF4B-00C04F79EFBC}") = "AdoNetDemo", "AdoNetDemo\AdoNetDemo.csproj", "{D49FC13B-E0E8-41AC-8EFA-938AF0EA19F7}"
EndProject
Project("{FAE04EC0-301F-11D3-BF4B-00C04F79EFBC}") = "EntityFrameworkDemo", "EntityFrameworkDemo\EntityFrameworkDemo.csproj", "{BE85971D-9722-43AF-9CAF-35F94097D03C}"
EndProject
Project("{FAE04EC0-301F-11D3-BF4B-00C04F79EFBC}") = "Generics", "Generics\Generics.csproj", "{7D65E8D9-1CDC-45B9-A653-9B23114B8A18}"
EndProject
Project("{FAE04EC0-301F-11D3-BF4B-00C04F79EFBC}") = "Attributes", "Attributes\Attributes.csproj", "{4C0096D8-C6B1-4729-A6F3-578690EDC686}"
EndProject
Project("{FAE04EC0-301F-11D3-BF4B-00C04F79EFBC}") = "Reflection", "Reflection\Reflection.csproj", "{104FDE58-7BBA-4263-A4A9-FCBCC94219CF}"
EndProject
Global
	GlobalSection(SolutionConfigurationPlatforms) = preSolution
		Debug|Any CPU = Debug|Any CPU
		Release|Any CPU = Release|Any CPU
	EndGlobalSection
	GlobalSection(ProjectConfigurationPlatforms) = postSolution
		{D49891D3-3050-415D-984C-DF157E28A167}.Debug|Any CPU.ActiveCfg = Debug|Any CPU
		{D49891D3-3050-415D-984C-DF157E28A167}.Debug|Any CPU.Build.0 = Debug|Any CPU
		{D49891D3-3050-415D-984C-DF157E28A167}.Release|Any CPU.ActiveCfg = Release|Any CPU
		{D49891D3-3050-415D-984C-DF157E28A167}.Release|Any CPU.Build.0 = Release|Any CPU
		{A2A71BE9-9B55-482D-B654-2E14C0137E84}.Debug|Any CPU.ActiveCfg = Debug|Any CPU
		{A2A71BE9-9B55-482D-B654-2E14C0137E84}.Debug|Any CPU.Build.0 = Debug|Any CPU
		{A2A71BE9-9B55-482D-B654-2E14C0137E84}.Release|Any CPU.ActiveCfg = Release|Any CPU
		{A2A71BE9-9B55-482D-B654-2E14C0137E84}.Release|Any CPU.Build.0 = Release|Any CPU
		{F03EDC50-97B6-4B43-B801-A4642398584A}.Debug|Any CPU.ActiveCfg = Debug|Any CPU
		{F03EDC50-97B6-4B43-B801-A4642398584A}.Debug|Any CPU.Build.0 = Debug|Any CPU
		{F03EDC50-97B6-4B43-B801-A4642398584A}.Release|Any CPU.ActiveCfg = Release|Any CPU
		{F03EDC50-97B6-4B43-B801-A4642398584A}.Release|Any CPU.Build.0 = Release|Any CPU
		{7EE59046-EB92-48BD-9C25-DACA050F9E5A}.Debug|Any CPU.ActiveCfg = Debug|Any CPU
		{7EE59046-EB92-48BD-9C25-DACA050F9E5A}.Debug|Any CPU.Build.0 = Debug|Any CPU
		{7EE59046-EB92-48BD-9C25-DACA050F9E5A}.Release|Any CPU.ActiveCfg = Release|Any CPU
		{7EE59046-EB92-48BD-9C25-DACA050F9E5A}.Release|Any CPU.Build.0 = Release|Any CPU
		{3B260EFB-F0D9-48AA-8774-D85961A02894}.Debug|Any CPU.ActiveCfg = Debug|Any CPU
		{3B260EFB-F0D9-48AA-8774-D85961A02894}.Debug|Any CPU.Build.0 = Debug|Any CPU
		{3B260EFB-F0D9-48AA-8774-D85961A02894}.Release|Any CPU.ActiveCfg = Release|Any CPU
		{3B260EFB-F0D9-48AA-8774-D85961A02894}.Release|Any CPU.Build.0 = Release|Any CPU
		{AB1457E6-CD57-42F8-80F1-A7D7C59B336D}.Debug|Any CPU.ActiveCfg = Debug|Any CPU
		{AB1457E6-CD57-42F8-80F1-A7D7C59B336D}.Debug|Any CPU.Build.0 = Debug|Any CPU
		{AB1457E6-CD57-42F8-80F1-A7D7C59B336D}.Release|Any CPU.ActiveCfg = Release|Any CPU
		{AB1457E6-CD57-42F8-80F1-A7D7C59B336D}.Release|Any CPU.Build.0 = Release|Any CPU
		{869E6FBE-12AA-4215-BA28-4F97AAEF9252}.Debug|Any CPU.ActiveCfg = Debug|Any CPU
		{869E6FBE-12AA-4215-BA28-4F97AAEF9252}.Debug|Any CPU.Build.0 = Debug|Any CPU
		{869E6FBE-12AA-4215-BA28-4F97AAEF9252}.Release|Any CPU.ActiveCfg = Release|Any CPU
		{869E6FBE-12AA-4215-BA28-4F97AAEF9252}.Release|Any CPU.Build.0 = Release|Any CPU
		{56A3478E-16EC-42A7-BF8A-397BA48B4D18}.Debug|Any CPU.ActiveCfg = Debug|Any CPU
		{56A3478E-16EC-42A7-BF8A-397BA48B4D18}.Debug|Any CPU.Build.0 = Debug|Any CPU
		{56A3478E-16EC-42A7-BF8A-397BA48B4D18}.Release|Any CPU.ActiveCfg = Release|Any CPU
		{56A3478E-16EC-42A7-BF8A-397BA48B4D18}.Release|Any CPU.Build.0 = Release|Any CPU
		{D3E32FF8-5BD4-4CB6-9D08-4C79C544E9BC}.Debug|Any CPU.ActiveCfg = Debug|Any CPU
		{D3E32FF8-5BD4-4CB6-9D08-4C79C544E9BC}.Debug|Any CPU.Build.0 = Debug|Any CPU
		{D3E32FF8-5BD4-4CB6-9D08-4C79C544E9BC}.Release|Any CPU.ActiveCfg = Release|Any CPU
		{D3E32FF8-5BD4-4CB6-9D08-4C79C544E9BC}.Release|Any CPU.Build.0 = Release|Any CPU
		{B3E4169D-D872-40C2-907C-9F808BC2C69C}.Debug|Any CPU.ActiveCfg = Debug|Any CPU
		{B3E4169D-D872-40C2-907C-9F808BC2C69C}.Debug|Any CPU.Build.0 = Debug|Any CPU
		{B3E4169D-D872-40C2-907C-9F808BC2C69C}.Release|Any CPU.ActiveCfg = Release|Any CPU
		{B3E4169D-D872-40C2-907C-9F808BC2C69C}.Release|Any CPU.Build.0 = Release|Any CPU
		{90081149-9CAA-4A16-A590-CD1E51176C59}.Debug|Any CPU.ActiveCfg = Debug|Any CPU
		{90081149-9CAA-4A16-A590-CD1E51176C59}.Debug|Any CPU.Build.0 = Debug|Any CPU
		{90081149-9CAA-4A16-A590-CD1E51176C59}.Release|Any CPU.ActiveCfg = Release|Any CPU
		{90081149-9CAA-4A16-A590-CD1E51176C59}.Release|Any CPU.Build.0 = Release|Any CPU
		{7416DEF5-8B6D-4BFE-BBA7-6F82A39D4110}.Debug|Any CPU.ActiveCfg = Debug|Any CPU
		{7416DEF5-8B6D-4BFE-BBA7-6F82A39D4110}.Debug|Any CPU.Build.0 = Debug|Any CPU
		{7416DEF5-8B6D-4BFE-BBA7-6F82A39D4110}.Release|Any CPU.ActiveCfg = Release|Any CPU
		{7416DEF5-8B6D-4BFE-BBA7-6F82A39D4110}.Release|Any CPU.Build.0 = Release|Any CPU
		{DBE3C7AA-981E-459E-993B-F24FCFFB061B}.Debug|Any CPU.ActiveCfg = Debug|Any CPU
		{DBE3C7AA-981E-459E-993B-F24FCFFB061B}.Debug|Any CPU.Build.0 = Debug|Any CPU
		{DBE3C7AA-981E-459E-993B-F24FCFFB061B}.Release|Any CPU.ActiveCfg = Release|Any CPU
		{DBE3C7AA-981E-459E-993B-F24FCFFB061B}.Release|Any CPU.Build.0 = Release|Any CPU
		{11879FD5-CD37-45F4-9881-7BFCB4D9F8E5}.Debug|Any CPU.ActiveCfg = Debug|Any CPU
		{11879FD5-CD37-45F4-9881-7BFCB4D9F8E5}.Debug|Any CPU.Build.0 = Debug|Any CPU
		{11879FD5-CD37-45F4-9881-7BFCB4D9F8E5}.Release|Any CPU.ActiveCfg = Release|Any CPU
		{11879FD5-CD37-45F4-9881-7BFCB4D9F8E5}.Release|Any CPU.Build.0 = Release|Any CPU
		{D959F605-64A6-4C0F-8267-76F14C6F4D64}.Debug|Any CPU.ActiveCfg = Debug|Any CPU
		{D959F605-64A6-4C0F-8267-76F14C6F4D64}.Debug|Any CPU.Build.0 = Debug|Any CPU
		{D959F605-64A6-4C0F-8267-76F14C6F4D64}.Release|Any CPU.ActiveCfg = Release|Any CPU
		{D959F605-64A6-4C0F-8267-76F14C6F4D64}.Release|Any CPU.Build.0 = Release|Any CPU
		{2B41E846-5AB2-4EA1-8EDD-B7A7FB7668B2}.Debug|Any CPU.ActiveCfg = Debug|Any CPU
		{2B41E846-5AB2-4EA1-8EDD-B7A7FB7668B2}.Debug|Any CPU.Build.0 = Debug|Any CPU
		{2B41E846-5AB2-4EA1-8EDD-B7A7FB7668B2}.Release|Any CPU.ActiveCfg = Release|Any CPU
		{2B41E846-5AB2-4EA1-8EDD-B7A7FB7668B2}.Release|Any CPU.Build.0 = Release|Any CPU
		{D4036EB0-54D9-4FA2-A4F9-9967D738A6C8}.Debug|Any CPU.ActiveCfg = Debug|Any CPU
		{D4036EB0-54D9-4FA2-A4F9-9967D738A6C8}.Debug|Any CPU.Build.0 = Debug|Any CPU
		{D4036EB0-54D9-4FA2-A4F9-9967D738A6C8}.Release|Any CPU.ActiveCfg = Release|Any CPU
		{D4036EB0-54D9-4FA2-A4F9-9967D738A6C8}.Release|Any CPU.Build.0 = Release|Any CPU
		{D9797FC3-7B65-4629-9020-17434BBBBEBE}.Debug|Any CPU.ActiveCfg = Debug|Any CPU
		{D9797FC3-7B65-4629-9020-17434BBBBEBE}.Debug|Any CPU.Build.0 = Debug|Any CPU
		{D9797FC3-7B65-4629-9020-17434BBBBEBE}.Release|Any CPU.ActiveCfg = Release|Any CPU
		{D9797FC3-7B65-4629-9020-17434BBBBEBE}.Release|Any CPU.Build.0 = Release|Any CPU
		{D49FC13B-E0E8-41AC-8EFA-938AF0EA19F7}.Debug|Any CPU.ActiveCfg = Debug|Any CPU
		{D49FC13B-E0E8-41AC-8EFA-938AF0EA19F7}.Debug|Any CPU.Build.0 = Debug|Any CPU
		{D49FC13B-E0E8-41AC-8EFA-938AF0EA19F7}.Release|Any CPU.ActiveCfg = Release|Any CPU
		{D49FC13B-E0E8-41AC-8EFA-938AF0EA19F7}.Release|Any CPU.Build.0 = Release|Any CPU
		{BE85971D-9722-43AF-9CAF-35F94097D03C}.Debug|Any CPU.ActiveCfg = Debug|Any CPU
		{BE85971D-9722-43AF-9CAF-35F94097D03C}.Debug|Any CPU.Build.0 = Debug|Any CPU
		{BE85971D-9722-43AF-9CAF-35F94097D03C}.Release|Any CPU.ActiveCfg = Release|Any CPU
		{BE85971D-9722-43AF-9CAF-35F94097D03C}.Release|Any CPU.Build.0 = Release|Any CPU
		{7D65E8D9-1CDC-45B9-A653-9B23114B8A18}.Debug|Any CPU.ActiveCfg = Debug|Any CPU
		{7D65E8D9-1CDC-45B9-A653-9B23114B8A18}.Debug|Any CPU.Build.0 = Debug|Any CPU
		{7D65E8D9-1CDC-45B9-A653-9B23114B8A18}.Release|Any CPU.ActiveCfg = Release|Any CPU
		{7D65E8D9-1CDC-45B9-A653-9B23114B8A18}.Release|Any CPU.Build.0 = Release|Any CPU
		{4C0096D8-C6B1-4729-A6F3-578690EDC686}.Debug|Any CPU.ActiveCfg = Debug|Any CPU
		{4C0096D8-C6B1-4729-A6F3-578690EDC686}.Debug|Any CPU.Build.0 = Debug|Any CPU
		{4C0096D8-C6B1-4729-A6F3-578690EDC686}.Release|Any CPU.ActiveCfg = Release|Any CPU
		{4C0096D8-C6B1-4729-A6F3-578690EDC686}.Release|Any CPU.Build.0 = Release|Any CPU
		{104FDE58-7BBA-4263-A4A9-FCBCC94219CF}.Debug|Any CPU.ActiveCfg = Debug|Any CPU
		{104FDE58-7BBA-4263-A4A9-FCBCC94219CF}.Debug|Any CPU.Build.0 = Debug|Any CPU
		{104FDE58-7BBA-4263-A4A9-FCBCC94219CF}.Release|Any CPU.ActiveCfg = Release|Any CPU
		{104FDE58-7BBA-4263-A4A9-FCBCC94219CF}.Release|Any CPU.Build.0 = Release|Any CPU
	EndGlobalSection
	GlobalSection(SolutionProperties) = preSolution
		HideSolutionNode = FALSE
	EndGlobalSection
	GlobalSection(ExtensibilityGlobals) = postSolution
		SolutionGuid = {14987120-E85F-4ECA-967C-167EAEC10BA1}
	EndGlobalSection
EndGlobal
